
Microsoft Visual Studio Solution File, Format Version 12.00
# Visual Studio Version 16
VisualStudioVersion = 16.0.29728.190
MinimumVisualStudioVersion = 10.0.40219.1
Project("{FAE04EC0-301F-11D3-BF4B-00C04F79EFBC}") = "libc.orm", "libc.orm.csproj", "{A69A7B99-69D1-4124-B99F-FA8E75D94185}"
EndProject
Project("{FAE04EC0-301F-11D3-BF4B-00C04F79EFBC}") = "libc.orm.sqlserver", "..\libc.orm.sqlserver\libc.orm.sqlserver.csproj", "{9EE493EF-55C9-4088-A6E7-6245F4FBEF56}"
EndProject
Project("{FAE04EC0-301F-11D3-BF4B-00C04F79EFBC}") = "libc.orm.mysql", "..\libc.orm.mysql\libc.orm.mysql.csproj", "{7FD9BCCB-C40A-47DF-B453-06DBD92F3564}"
EndProject
Project("{FAE04EC0-301F-11D3-BF4B-00C04F79EFBC}") = "libc.orm.postgres", "..\libc.orm.postgres\libc.orm.postgres.csproj", "{7E74B7CC-632E-4A2C-A9F8-D6B2D5FFBD29}"
EndProject
Project("{FAE04EC0-301F-11D3-BF4B-00C04F79EFBC}") = "libc.orm.sqlite", "..\libc.orm.sqlite\libc.orm.sqlite.csproj", "{F75FCE10-D464-4C6E-9C7B-A10DA69838EE}"
EndProject
Global
	GlobalSection(SolutionConfigurationPlatforms) = preSolution
		Debug|Any CPU = Debug|Any CPU
		Release|Any CPU = Release|Any CPU
	EndGlobalSection
	GlobalSection(ProjectConfigurationPlatforms) = postSolution
		{A69A7B99-69D1-4124-B99F-FA8E75D94185}.Debug|Any CPU.ActiveCfg = Debug|Any CPU
		{A69A7B99-69D1-4124-B99F-FA8E75D94185}.Debug|Any CPU.Build.0 = Debug|Any CPU
		{A69A7B99-69D1-4124-B99F-FA8E75D94185}.Release|Any CPU.ActiveCfg = Release|Any CPU
		{A69A7B99-69D1-4124-B99F-FA8E75D94185}.Release|Any CPU.Build.0 = Release|Any CPU
		{9EE493EF-55C9-4088-A6E7-6245F4FBEF56}.Debug|Any CPU.ActiveCfg = Debug|Any CPU
		{9EE493EF-55C9-4088-A6E7-6245F4FBEF56}.Debug|Any CPU.Build.0 = Debug|Any CPU
		{9EE493EF-55C9-4088-A6E7-6245F4FBEF56}.Release|Any CPU.ActiveCfg = Release|Any CPU
		{9EE493EF-55C9-4088-A6E7-6245F4FBEF56}.Release|Any CPU.Build.0 = Release|Any CPU
		{7FD9BCCB-C40A-47DF-B453-06DBD92F3564}.Debug|Any CPU.ActiveCfg = Debug|Any CPU
		{7FD9BCCB-C40A-47DF-B453-06DBD92F3564}.Debug|Any CPU.Build.0 = Debug|Any CPU
		{7FD9BCCB-C40A-47DF-B453-06DBD92F3564}.Release|Any CPU.ActiveCfg = Release|Any CPU
		{7FD9BCCB-C40A-47DF-B453-06DBD92F3564}.Release|Any CPU.Build.0 = Release|Any CPU
		{7E74B7CC-632E-4A2C-A9F8-D6B2D5FFBD29}.Debug|Any CPU.ActiveCfg = Debug|Any CPU
		{7E74B7CC-632E-4A2C-A9F8-D6B2D5FFBD29}.Debug|Any CPU.Build.0 = Debug|Any CPU
		{7E74B7CC-632E-4A2C-A9F8-D6B2D5FFBD29}.Release|Any CPU.ActiveCfg = Release|Any CPU
		{7E74B7CC-632E-4A2C-A9F8-D6B2D5FFBD29}.Release|Any CPU.Build.0 = Release|Any CPU
		{F75FCE10-D464-4C6E-9C7B-A10DA69838EE}.Debug|Any CPU.ActiveCfg = Debug|Any CPU
		{F75FCE10-D464-4C6E-9C7B-A10DA69838EE}.Debug|Any CPU.Build.0 = Debug|Any CPU
		{F75FCE10-D464-4C6E-9C7B-A10DA69838EE}.Release|Any CPU.ActiveCfg = Release|Any CPU
		{F75FCE10-D464-4C6E-9C7B-A10DA69838EE}.Release|Any CPU.Build.0 = Release|Any CPU
	EndGlobalSection
	GlobalSection(SolutionProperties) = preSolution
		HideSolutionNode = FALSE
	EndGlobalSection
	GlobalSection(ExtensibilityGlobals) = postSolution
		SolutionGuid = {2204CD8D-FD1C-4271-8D3E-5D60BE1B2E0D}
	EndGlobalSection
EndGlobal
